
Microsoft Visual Studio Solution File, Format Version 12.00
# Visual Studio Version 17
VisualStudioVersion = 17.0.31710.8
MinimumVisualStudioVersion = 10.0.40219.1
Project("{FAE04EC0-301F-11D3-BF4B-00C04F79EFBC}") = "Domain", "Domain\Domain.csproj", "{B644A6DC-98E0-4FEB-AA14-3E67E60DD91E}"
EndProject
Project("{FAE04EC0-301F-11D3-BF4B-00C04F79EFBC}") = "Tests", "Tests\Tests.csproj", "{72980E8D-1D6A-4146-9555-CC2E704C891C}"
EndProject
Global
	GlobalSection(SolutionConfigurationPlatforms) = preSolution
		Debug|Any CPU = Debug|Any CPU
		Release|Any CPU = Release|Any CPU
	EndGlobalSection
	GlobalSection(ProjectConfigurationPlatforms) = postSolution
		{B644A6DC-98E0-4FEB-AA14-3E67E60DD91E}.Debug|Any CPU.ActiveCfg = Debug|Any CPU
		{B644A6DC-98E0-4FEB-AA14-3E67E60DD91E}.Debug|Any CPU.Build.0 = Debug|Any CPU
		{B644A6DC-98E0-4FEB-AA14-3E67E60DD91E}.Release|Any CPU.ActiveCfg = Release|Any CPU
		{B644A6DC-98E0-4FEB-AA14-3E67E60DD91E}.Release|Any CPU.Build.0 = Release|Any CPU
		{72980E8D-1D6A-4146-9555-CC2E704C891C}.Debug|Any CPU.ActiveCfg = Debug|Any CPU
		{72980E8D-1D6A-4146-9555-CC2E704C891C}.Debug|Any CPU.Build.0 = Debug|Any CPU
		{72980E8D-1D6A-4146-9555-CC2E704C891C}.Release|Any CPU.ActiveCfg = Release|Any CPU
		{72980E8D-1D6A-4146-9555-CC2E704C891C}.Release|Any CPU.Build.0 = Release|Any CPU
	EndGlobalSection
	GlobalSection(SolutionProperties) = preSolution
		HideSolutionNode = FALSE
	EndGlobalSection
	GlobalSection(ExtensibilityGlobals) = postSolution
		SolutionGuid = {E8FF3DF6-0FED-4313-8257-4E8B4FA4C05D}
	EndGlobalSection
EndGlobal
